Microsoft Visual Studio Solution File, Format Version 12.00
# Visual Studio 2012
Project("{FAE04EC0-301F-11D3-BF4B-00C04F79EFBC}") = "Navigation Polygon (2D) (C#)", "Navigation Polygon (2D) (C#).csproj", "{A11803CF-6CBD-4912-87F6-D3E99DF8FE1C}"
EndProject
Global
	GlobalSection(SolutionConfigurationPlatforms) = preSolution
	Debug|Any CPU = Debug|Any CPU
	Release|Any CPU = Release|Any CPU
	Tools|Any CPU = Tools|Any CPU
	EndGlobalSection
	GlobalSection(ProjectConfigurationPlatforms) = postSolution
		{A11803CF-6CBD-4912-87F6-D3E99DF8FE1C}.Debug|Any CPU.ActiveCfg = Debug|Any CPU
		{A11803CF-6CBD-4912-87F6-D3E99DF8FE1C}.Debug|Any CPU.Build.0 = Debug|Any CPU
		{A11803CF-6CBD-4912-87F6-D3E99DF8FE1C}.Release|Any CPU.ActiveCfg = Release|Any CPU
		{A11803CF-6CBD-4912-87F6-D3E99DF8FE1C}.Release|Any CPU.Build.0 = Release|Any CPU
		{A11803CF-6CBD-4912-87F6-D3E99DF8FE1C}.Tools|Any CPU.ActiveCfg = Tools|Any CPU
		{A11803CF-6CBD-4912-87F6-D3E99DF8FE1C}.Tools|Any CPU.Build.0 = Tools|Any CPU
	EndGlobalSection
EndGlobal
