Microsoft Visual Studio Solution File, Format Version 12.00
# Visual Studio 2012
Project("{FAE04EC0-301F-11D3-BF4B-00C04F79EFBC}") = "PolyNav2D (C#)", "PolyNav2D (C#).csproj", "{E41DD721-F23E-44ED-9087-4C2F75B6B05A}"
EndProject
Global
	GlobalSection(SolutionConfigurationPlatforms) = preSolution
	Debug|Any CPU = Debug|Any CPU
	Release|Any CPU = Release|Any CPU
	Tools|Any CPU = Tools|Any CPU
	EndGlobalSection
	GlobalSection(ProjectConfigurationPlatforms) = postSolution
		{E41DD721-F23E-44ED-9087-4C2F75B6B05A}.Debug|Any CPU.ActiveCfg = Debug|Any CPU
		{E41DD721-F23E-44ED-9087-4C2F75B6B05A}.Debug|Any CPU.Build.0 = Debug|Any CPU
		{E41DD721-F23E-44ED-9087-4C2F75B6B05A}.Release|Any CPU.ActiveCfg = Release|Any CPU
		{E41DD721-F23E-44ED-9087-4C2F75B6B05A}.Release|Any CPU.Build.0 = Release|Any CPU
		{E41DD721-F23E-44ED-9087-4C2F75B6B05A}.Tools|Any CPU.ActiveCfg = Tools|Any CPU
		{E41DD721-F23E-44ED-9087-4C2F75B6B05A}.Tools|Any CPU.Build.0 = Tools|Any CPU
	EndGlobalSection
EndGlobal
