Microsoft Visual Studio Solution File, Format Version 12.00
# Visual Studio 2012
Project("{FAE04EC0-301F-11D3-BF4B-00C04F79EFBC}") = "Android in-app purchases with C#", "Android in-app purchases with C#.csproj", "{A29FB611-2B09-4E62-B23E-A68BAF8A8A3F}"
EndProject
Global
	GlobalSection(SolutionConfigurationPlatforms) = preSolution
	Debug|Any CPU = Debug|Any CPU
	ExportDebug|Any CPU = ExportDebug|Any CPU
	ExportRelease|Any CPU = ExportRelease|Any CPU
	EndGlobalSection
	GlobalSection(ProjectConfigurationPlatforms) = postSolution
		{A29FB611-2B09-4E62-B23E-A68BAF8A8A3F}.Debug|Any CPU.ActiveCfg = Debug|Any CPU
		{A29FB611-2B09-4E62-B23E-A68BAF8A8A3F}.Debug|Any CPU.Build.0 = Debug|Any CPU
		{A29FB611-2B09-4E62-B23E-A68BAF8A8A3F}.ExportDebug|Any CPU.ActiveCfg = ExportDebug|Any CPU
		{A29FB611-2B09-4E62-B23E-A68BAF8A8A3F}.ExportDebug|Any CPU.Build.0 = ExportDebug|Any CPU
		{A29FB611-2B09-4E62-B23E-A68BAF8A8A3F}.ExportRelease|Any CPU.ActiveCfg = ExportRelease|Any CPU
		{A29FB611-2B09-4E62-B23E-A68BAF8A8A3F}.ExportRelease|Any CPU.Build.0 = ExportRelease|Any CPU
	EndGlobalSection
EndGlobal
