Microsoft Visual Studio Solution File, Format Version 12.00
# Visual Studio 2012
Project("{FAE04EC0-301F-11D3-BF4B-00C04F79EFBC}") = "Android in-app purchases with C#", "Android in-app purchases with C#.csproj", "{480953C3-B1FD-42F6-8A07-51A3F69024D7}"
EndProject
Global
	GlobalSection(SolutionConfigurationPlatforms) = preSolution
	Debug|Any CPU = Debug|Any CPU
	ExportDebug|Any CPU = ExportDebug|Any CPU
	ExportRelease|Any CPU = ExportRelease|Any CPU
	EndGlobalSection
	GlobalSection(ProjectConfigurationPlatforms) = postSolution
		{480953C3-B1FD-42F6-8A07-51A3F69024D7}.Debug|Any CPU.ActiveCfg = Debug|Any CPU
		{480953C3-B1FD-42F6-8A07-51A3F69024D7}.Debug|Any CPU.Build.0 = Debug|Any CPU
		{480953C3-B1FD-42F6-8A07-51A3F69024D7}.ExportDebug|Any CPU.ActiveCfg = ExportDebug|Any CPU
		{480953C3-B1FD-42F6-8A07-51A3F69024D7}.ExportDebug|Any CPU.Build.0 = ExportDebug|Any CPU
		{480953C3-B1FD-42F6-8A07-51A3F69024D7}.ExportRelease|Any CPU.ActiveCfg = ExportRelease|Any CPU
		{480953C3-B1FD-42F6-8A07-51A3F69024D7}.ExportRelease|Any CPU.Build.0 = ExportRelease|Any CPU
	EndGlobalSection
EndGlobal
