Microsoft Visual Studio Solution File, Format Version 12.00
# Visual Studio 2012
Project("{FAE04EC0-301F-11D3-BF4B-00C04F79EFBC}") = "Dodge the Creeps with C#", "Dodge the Creeps with C#.csproj", "{75CB0382-CCCC-4A4D-ABF0-C6CD04D9F832}"
EndProject
Global
	GlobalSection(SolutionConfigurationPlatforms) = preSolution
	Debug|Any CPU = Debug|Any CPU
	ExportDebug|Any CPU = ExportDebug|Any CPU
	ExportRelease|Any CPU = ExportRelease|Any CPU
	EndGlobalSection
	GlobalSection(ProjectConfigurationPlatforms) = postSolution
		{75CB0382-CCCC-4A4D-ABF0-C6CD04D9F832}.Debug|Any CPU.ActiveCfg = Debug|Any CPU
		{75CB0382-CCCC-4A4D-ABF0-C6CD04D9F832}.Debug|Any CPU.Build.0 = Debug|Any CPU
		{75CB0382-CCCC-4A4D-ABF0-C6CD04D9F832}.ExportDebug|Any CPU.ActiveCfg = ExportDebug|Any CPU
		{75CB0382-CCCC-4A4D-ABF0-C6CD04D9F832}.ExportDebug|Any CPU.Build.0 = ExportDebug|Any CPU
		{75CB0382-CCCC-4A4D-ABF0-C6CD04D9F832}.ExportRelease|Any CPU.ActiveCfg = ExportRelease|Any CPU
		{75CB0382-CCCC-4A4D-ABF0-C6CD04D9F832}.ExportRelease|Any CPU.Build.0 = ExportRelease|Any CPU
	EndGlobalSection
EndGlobal
