Microsoft Visual Studio Solution File, Format Version 12.00
# Visual Studio 2012
Project("{FAE04EC0-301F-11D3-BF4B-00C04F79EFBC}") = "Pong with C#", "Pong with C#.csproj", "{4F9320CC-07E9-4CEA-AA42-A32C83303312}"
EndProject
Global
	GlobalSection(SolutionConfigurationPlatforms) = preSolution
	Debug|Any CPU = Debug|Any CPU
	Release|Any CPU = Release|Any CPU
	Tools|Any CPU = Tools|Any CPU
	EndGlobalSection
	GlobalSection(ProjectConfigurationPlatforms) = postSolution
		{4F9320CC-07E9-4CEA-AA42-A32C83303312}.Debug|Any CPU.ActiveCfg = Debug|Any CPU
		{4F9320CC-07E9-4CEA-AA42-A32C83303312}.Debug|Any CPU.Build.0 = Debug|Any CPU
		{4F9320CC-07E9-4CEA-AA42-A32C83303312}.Release|Any CPU.ActiveCfg = Release|Any CPU
		{4F9320CC-07E9-4CEA-AA42-A32C83303312}.Release|Any CPU.Build.0 = Release|Any CPU
		{4F9320CC-07E9-4CEA-AA42-A32C83303312}.Tools|Any CPU.ActiveCfg = Tools|Any CPU
		{4F9320CC-07E9-4CEA-AA42-A32C83303312}.Tools|Any CPU.Build.0 = Tools|Any CPU
	EndGlobalSection
EndGlobal
