Microsoft Visual Studio Solution File, Format Version 12.00
# Visual Studio 2012
Project("{FAE04EC0-301F-11D3-BF4B-00C04F79EFBC}") = "Dynamic Character Control-Based Platformer", "Dynamic Character Control-Based Platformer.csproj", "{0842FAA2-BA6B-4B3C-B5FF-0FC823526FFA}"
EndProject
Global
	GlobalSection(SolutionConfigurationPlatforms) = preSolution
	Debug|Any CPU = Debug|Any CPU
	Release|Any CPU = Release|Any CPU
	Tools|Any CPU = Tools|Any CPU
	EndGlobalSection
	GlobalSection(ProjectConfigurationPlatforms) = postSolution
		{0842FAA2-BA6B-4B3C-B5FF-0FC823526FFA}.Debug|Any CPU.ActiveCfg = Debug|Any CPU
		{0842FAA2-BA6B-4B3C-B5FF-0FC823526FFA}.Debug|Any CPU.Build.0 = Debug|Any CPU
		{0842FAA2-BA6B-4B3C-B5FF-0FC823526FFA}.Release|Any CPU.ActiveCfg = Release|Any CPU
		{0842FAA2-BA6B-4B3C-B5FF-0FC823526FFA}.Release|Any CPU.Build.0 = Release|Any CPU
		{0842FAA2-BA6B-4B3C-B5FF-0FC823526FFA}.Tools|Any CPU.ActiveCfg = Tools|Any CPU
		{0842FAA2-BA6B-4B3C-B5FF-0FC823526FFA}.Tools|Any CPU.Build.0 = Tools|Any CPU
	EndGlobalSection
EndGlobal
