Microsoft Visual Studio Solution File, Format Version 12.00
# Visual Studio 2012
Project("{FAE04EC0-301F-11D3-BF4B-00C04F79EFBC}") = "Platformer 2D C#", "Platformer 2D C#.csproj", "{66BD2878-99BB-47F3-B3D0-CA5DB5850CDB}"
EndProject
Global
	GlobalSection(SolutionConfigurationPlatforms) = preSolution
	Debug|Any CPU = Debug|Any CPU
	Release|Any CPU = Release|Any CPU
	Tools|Any CPU = Tools|Any CPU
	EndGlobalSection
	GlobalSection(ProjectConfigurationPlatforms) = postSolution
		{66BD2878-99BB-47F3-B3D0-CA5DB5850CDB}.Debug|Any CPU.ActiveCfg = Debug|Any CPU
		{66BD2878-99BB-47F3-B3D0-CA5DB5850CDB}.Debug|Any CPU.Build.0 = Debug|Any CPU
		{66BD2878-99BB-47F3-B3D0-CA5DB5850CDB}.Release|Any CPU.ActiveCfg = Release|Any CPU
		{66BD2878-99BB-47F3-B3D0-CA5DB5850CDB}.Release|Any CPU.Build.0 = Release|Any CPU
		{66BD2878-99BB-47F3-B3D0-CA5DB5850CDB}.Tools|Any CPU.ActiveCfg = Tools|Any CPU
		{66BD2878-99BB-47F3-B3D0-CA5DB5850CDB}.Tools|Any CPU.Build.0 = Tools|Any CPU
	EndGlobalSection
EndGlobal
