Microsoft Visual Studio Solution File, Format Version 12.00
# Visual Studio 2012
Project("{FAE04EC0-301F-11D3-BF4B-00C04F79EFBC}") = "Grid-based pathfinding with Astar", "Grid-based pathfinding with Astar.csproj", "{5BC10D4C-21F4-4FF8-8BD1-F7666CA4D9FB}"
EndProject
Global
	GlobalSection(SolutionConfigurationPlatforms) = preSolution
	Debug|Any CPU = Debug|Any CPU
	Release|Any CPU = Release|Any CPU
	Tools|Any CPU = Tools|Any CPU
	EndGlobalSection
	GlobalSection(ProjectConfigurationPlatforms) = postSolution
		{5BC10D4C-21F4-4FF8-8BD1-F7666CA4D9FB}.Debug|Any CPU.ActiveCfg = Debug|Any CPU
		{5BC10D4C-21F4-4FF8-8BD1-F7666CA4D9FB}.Debug|Any CPU.Build.0 = Debug|Any CPU
		{5BC10D4C-21F4-4FF8-8BD1-F7666CA4D9FB}.Release|Any CPU.ActiveCfg = Release|Any CPU
		{5BC10D4C-21F4-4FF8-8BD1-F7666CA4D9FB}.Release|Any CPU.Build.0 = Release|Any CPU
		{5BC10D4C-21F4-4FF8-8BD1-F7666CA4D9FB}.Tools|Any CPU.ActiveCfg = Tools|Any CPU
		{5BC10D4C-21F4-4FF8-8BD1-F7666CA4D9FB}.Tools|Any CPU.Build.0 = Tools|Any CPU
	EndGlobalSection
EndGlobal
