Microsoft Visual Studio Solution File, Format Version 12.00
# Visual Studio 2012
Project("{FAE04EC0-301F-11D3-BF4B-00C04F79EFBC}") = "Pong with C#", "Pong with C#.csproj", "{EBA5981B-C37E-48C5-A3B6-4390D9834F9A}"
EndProject
Global
	GlobalSection(SolutionConfigurationPlatforms) = preSolution
	Debug|Any CPU = Debug|Any CPU
	ExportDebug|Any CPU = ExportDebug|Any CPU
	ExportRelease|Any CPU = ExportRelease|Any CPU
	EndGlobalSection
	GlobalSection(ProjectConfigurationPlatforms) = postSolution
		{EBA5981B-C37E-48C5-A3B6-4390D9834F9A}.Debug|Any CPU.ActiveCfg = Debug|Any CPU
		{EBA5981B-C37E-48C5-A3B6-4390D9834F9A}.Debug|Any CPU.Build.0 = Debug|Any CPU
		{EBA5981B-C37E-48C5-A3B6-4390D9834F9A}.ExportDebug|Any CPU.ActiveCfg = ExportDebug|Any CPU
		{EBA5981B-C37E-48C5-A3B6-4390D9834F9A}.ExportDebug|Any CPU.Build.0 = ExportDebug|Any CPU
		{EBA5981B-C37E-48C5-A3B6-4390D9834F9A}.ExportRelease|Any CPU.ActiveCfg = ExportRelease|Any CPU
		{EBA5981B-C37E-48C5-A3B6-4390D9834F9A}.ExportRelease|Any CPU.Build.0 = ExportRelease|Any CPU
	EndGlobalSection
EndGlobal
