Microsoft Visual Studio Solution File, Format Version 12.00
# Visual Studio 2012
Project("{FAE04EC0-301F-11D3-BF4B-00C04F79EFBC}") = "DodgeTheCreepsCS", "DodgeTheCreepsCS.csproj", "{7829C155-1795-447D-A78E-8775E3CF134E}"
EndProject
Global
	GlobalSection(SolutionConfigurationPlatforms) = preSolution
	Debug|Any CPU = Debug|Any CPU
	Release|Any CPU = Release|Any CPU
	Tools|Any CPU = Tools|Any CPU
	EndGlobalSection
	GlobalSection(ProjectConfigurationPlatforms) = postSolution
		{7829C155-1795-447D-A78E-8775E3CF134E}.Debug|Any CPU.ActiveCfg = Debug|Any CPU
		{7829C155-1795-447D-A78E-8775E3CF134E}.Debug|Any CPU.Build.0 = Debug|Any CPU
		{7829C155-1795-447D-A78E-8775E3CF134E}.Release|Any CPU.ActiveCfg = Release|Any CPU
		{7829C155-1795-447D-A78E-8775E3CF134E}.Release|Any CPU.Build.0 = Release|Any CPU
		{7829C155-1795-447D-A78E-8775E3CF134E}.Tools|Any CPU.ActiveCfg = Tools|Any CPU
		{7829C155-1795-447D-A78E-8775E3CF134E}.Tools|Any CPU.Build.0 = Tools|Any CPU
	EndGlobalSection
EndGlobal
