Microsoft Visual Studio Solution File, Format Version 12.00
# Visual Studio 2012
Project("{FAE04EC0-301F-11D3-BF4B-00C04F79EFBC}") = "2.5D Demo with C#", "2.5D Demo with C#.csproj", "{5CA791DB-5050-44D0-989B-41D559AB1D50}"
EndProject
Global
	GlobalSection(SolutionConfigurationPlatforms) = preSolution
	Debug|Any CPU = Debug|Any CPU
	ExportDebug|Any CPU = ExportDebug|Any CPU
	ExportRelease|Any CPU = ExportRelease|Any CPU
	EndGlobalSection
	GlobalSection(ProjectConfigurationPlatforms) = postSolution
		{5CA791DB-5050-44D0-989B-41D559AB1D50}.Debug|Any CPU.ActiveCfg = Debug|Any CPU
		{5CA791DB-5050-44D0-989B-41D559AB1D50}.Debug|Any CPU.Build.0 = Debug|Any CPU
		{5CA791DB-5050-44D0-989B-41D559AB1D50}.ExportDebug|Any CPU.ActiveCfg = ExportDebug|Any CPU
		{5CA791DB-5050-44D0-989B-41D559AB1D50}.ExportDebug|Any CPU.Build.0 = ExportDebug|Any CPU
		{5CA791DB-5050-44D0-989B-41D559AB1D50}.ExportRelease|Any CPU.ActiveCfg = ExportRelease|Any CPU
		{5CA791DB-5050-44D0-989B-41D559AB1D50}.ExportRelease|Any CPU.Build.0 = ExportRelease|Any CPU
	EndGlobalSection
EndGlobal
