Microsoft Visual Studio Solution File, Format Version 12.00
# Visual Studio 2012
Project("{FAE04EC0-301F-11D3-BF4B-00C04F79EFBC}") = "Wheely", "Wheely.csproj", "{ABD7E83B-2C74-4EE5-AEE6-A13837EFEBCC}"
EndProject
Global
	GlobalSection(SolutionConfigurationPlatforms) = preSolution
	Debug|Any CPU = Debug|Any CPU
	Release|Any CPU = Release|Any CPU
	Tools|Any CPU = Tools|Any CPU
	EndGlobalSection
	GlobalSection(ProjectConfigurationPlatforms) = postSolution
		{ABD7E83B-2C74-4EE5-AEE6-A13837EFEBCC}.Debug|Any CPU.ActiveCfg = Debug|Any CPU
		{ABD7E83B-2C74-4EE5-AEE6-A13837EFEBCC}.Debug|Any CPU.Build.0 = Debug|Any CPU
		{ABD7E83B-2C74-4EE5-AEE6-A13837EFEBCC}.Release|Any CPU.ActiveCfg = Release|Any CPU
		{ABD7E83B-2C74-4EE5-AEE6-A13837EFEBCC}.Release|Any CPU.Build.0 = Release|Any CPU
		{ABD7E83B-2C74-4EE5-AEE6-A13837EFEBCC}.Tools|Any CPU.ActiveCfg = Tools|Any CPU
		{ABD7E83B-2C74-4EE5-AEE6-A13837EFEBCC}.Tools|Any CPU.Build.0 = Tools|Any CPU
	EndGlobalSection
EndGlobal
