Microsoft Visual Studio Solution File, Format Version 12.00
# Visual Studio 2012
Project("{FAE04EC0-301F-11D3-BF4B-00C04F79EFBC}") = "Operating System Testing", "Operating System Testing.csproj", "{780B9CDA-51E7-446A-816F-0E2CF667C96C}"
EndProject
Global
	GlobalSection(SolutionConfigurationPlatforms) = preSolution
	Debug|Any CPU = Debug|Any CPU
	ExportDebug|Any CPU = ExportDebug|Any CPU
	ExportRelease|Any CPU = ExportRelease|Any CPU
	EndGlobalSection
	GlobalSection(ProjectConfigurationPlatforms) = postSolution
		{780B9CDA-51E7-446A-816F-0E2CF667C96C}.Debug|Any CPU.ActiveCfg = Debug|Any CPU
		{780B9CDA-51E7-446A-816F-0E2CF667C96C}.Debug|Any CPU.Build.0 = Debug|Any CPU
		{780B9CDA-51E7-446A-816F-0E2CF667C96C}.ExportDebug|Any CPU.ActiveCfg = ExportDebug|Any CPU
		{780B9CDA-51E7-446A-816F-0E2CF667C96C}.ExportDebug|Any CPU.Build.0 = ExportDebug|Any CPU
		{780B9CDA-51E7-446A-816F-0E2CF667C96C}.ExportRelease|Any CPU.ActiveCfg = ExportRelease|Any CPU
		{780B9CDA-51E7-446A-816F-0E2CF667C96C}.ExportRelease|Any CPU.Build.0 = ExportRelease|Any CPU
	EndGlobalSection
EndGlobal
