Microsoft Visual Studio Solution File, Format Version 12.00
# Visual Studio 2012
Project("{FAE04EC0-301F-11D3-BF4B-00C04F79EFBC}") = "Pong Multiplayer with C#", "Pong Multiplayer with C#.csproj", "{4BB6C2D0-FC11-466E-8C73-8DAD689F135A}"
EndProject
Global
	GlobalSection(SolutionConfigurationPlatforms) = preSolution
	Debug|Any CPU = Debug|Any CPU
	ExportDebug|Any CPU = ExportDebug|Any CPU
	ExportRelease|Any CPU = ExportRelease|Any CPU
	EndGlobalSection
	GlobalSection(ProjectConfigurationPlatforms) = postSolution
		{4BB6C2D0-FC11-466E-8C73-8DAD689F135A}.Debug|Any CPU.ActiveCfg = Debug|Any CPU
		{4BB6C2D0-FC11-466E-8C73-8DAD689F135A}.Debug|Any CPU.Build.0 = Debug|Any CPU
		{4BB6C2D0-FC11-466E-8C73-8DAD689F135A}.ExportDebug|Any CPU.ActiveCfg = ExportDebug|Any CPU
		{4BB6C2D0-FC11-466E-8C73-8DAD689F135A}.ExportDebug|Any CPU.Build.0 = ExportDebug|Any CPU
		{4BB6C2D0-FC11-466E-8C73-8DAD689F135A}.ExportRelease|Any CPU.ActiveCfg = ExportRelease|Any CPU
		{4BB6C2D0-FC11-466E-8C73-8DAD689F135A}.ExportRelease|Any CPU.Build.0 = ExportRelease|Any CPU
	EndGlobalSection
EndGlobal
