Microsoft Visual Studio Solution File, Format Version 12.00
# Visual Studio 2012
Project("{FAE04EC0-301F-11D3-BF4B-00C04F79EFBC}") = "2d-navigation-demo-cs", "2d-navigation-demo-cs.csproj", "{39E2DBD0-209F-4213-BD3E-CEE2CBEA7AAB}"
EndProject
Global
	GlobalSection(SolutionConfigurationPlatforms) = preSolution
	Debug|Any CPU = Debug|Any CPU
	Release|Any CPU = Release|Any CPU
	Tools|Any CPU = Tools|Any CPU
	EndGlobalSection
	GlobalSection(ProjectConfigurationPlatforms) = postSolution
		{39E2DBD0-209F-4213-BD3E-CEE2CBEA7AAB}.Debug|Any CPU.ActiveCfg = Debug|Any CPU
		{39E2DBD0-209F-4213-BD3E-CEE2CBEA7AAB}.Debug|Any CPU.Build.0 = Debug|Any CPU
		{39E2DBD0-209F-4213-BD3E-CEE2CBEA7AAB}.Release|Any CPU.ActiveCfg = Release|Any CPU
		{39E2DBD0-209F-4213-BD3E-CEE2CBEA7AAB}.Release|Any CPU.Build.0 = Release|Any CPU
		{39E2DBD0-209F-4213-BD3E-CEE2CBEA7AAB}.Tools|Any CPU.ActiveCfg = Tools|Any CPU
		{39E2DBD0-209F-4213-BD3E-CEE2CBEA7AAB}.Tools|Any CPU.Build.0 = Tools|Any CPU
	EndGlobalSection
EndGlobal
