Microsoft Visual Studio Solution File, Format Version 12.00
# Visual Studio 2012
Project("{FAE04EC0-301F-11D3-BF4B-00C04F79EFBC}") = "Dynamic TileMap Layers", "Dynamic TileMap Layers.csproj", "{CBDF7372-1B42-4099-8207-2705FC7B78A6}"
EndProject
Global
	GlobalSection(SolutionConfigurationPlatforms) = preSolution
	Debug|Any CPU = Debug|Any CPU
	ExportDebug|Any CPU = ExportDebug|Any CPU
	ExportRelease|Any CPU = ExportRelease|Any CPU
	EndGlobalSection
	GlobalSection(ProjectConfigurationPlatforms) = postSolution
		{CBDF7372-1B42-4099-8207-2705FC7B78A6}.Debug|Any CPU.ActiveCfg = Debug|Any CPU
		{CBDF7372-1B42-4099-8207-2705FC7B78A6}.Debug|Any CPU.Build.0 = Debug|Any CPU
		{CBDF7372-1B42-4099-8207-2705FC7B78A6}.ExportDebug|Any CPU.ActiveCfg = ExportDebug|Any CPU
		{CBDF7372-1B42-4099-8207-2705FC7B78A6}.ExportDebug|Any CPU.Build.0 = ExportDebug|Any CPU
		{CBDF7372-1B42-4099-8207-2705FC7B78A6}.ExportRelease|Any CPU.ActiveCfg = ExportRelease|Any CPU
		{CBDF7372-1B42-4099-8207-2705FC7B78A6}.ExportRelease|Any CPU.Build.0 = ExportRelease|Any CPU
	EndGlobalSection
EndGlobal
